PODS:
  - AFNetworking (2.5.2):
    - AFNetworking/NSURLConnection (= 2.5.2)
    - AFNetworking/NSURLSession (= 2.5.2)
    - AFNetworking/Reachability (= 2.5.2)
    - AFNetworking/Security (= 2.5.2)
    - AFNetworking/Serialization (= 2.5.2)
    - AFNetworking/UIKit (= 2.5.2)
  - AFNetworking/NSURLConnection (2.5.2):
    - AFNetworking/Reachability
    - AFNetworking/Security
    - AFNetworking/Serialization
  - AFNetworking/NSURLSession (2.5.2):
    - AFNetworking/Reachability
    - AFNetworking/Security
    - AFNetworking/Serialization
  - AFNetworking/Reachability (2.5.2)
  - AFNetworking/Security (2.5.2)
  - AFNetworking/Serialization (2.5.2)
  - AFNetworking/UIKit (2.5.2):
    - AFNetworking/NSURLConnection
    - AFNetworking/NSURLSession
  - KVOController (1.0.3)
  - OCMock (3.1.2)
  - PromiseZ (0.3.0)

DEPENDENCIES:
  - AFNetworking
  - KVOController
  - OCMock
  - PromiseZ (from `../`)

EXTERNAL SOURCES:
  PromiseZ:
    :path: ../

SPEC CHECKSUMS:
  AFNetworking: fefbce9660acb17f48ae0011292d4da0f457bf36
  KVOController: b1139ef1fc373b6757e4b69493fedd7b56eb1272
  OCMock: ecdd510b73ef397f2f97274785c1e87fd147c49f
  PromiseZ: a17da358d542bb38f929cdbefd3859abb8e1a3cf

COCOAPODS: 0.36.0
